
Microsoft Visual Studio Solution File, Format Version 12.00
# Visual Studio Version 17
VisualStudioVersion = 17.10.34916.146
MinimumVisualStudioVersion = 10.0.40219.1
Project("{9A19103F-16F7-4668-BE54-9A1E7A4F7556}") = "P06SymmetricSequence", "P06SymmetricSequence\P06SymmetricSequence.csproj", "{2AAB3481-E88A-4F0E-A1E0-A8A9C67DAF8E}"
EndProject
Project("{FAE04EC0-301F-11D3-BF4B-00C04F79EFBC}") = "P06SymmetricSequence.Tests", "P06SymmetricSequence.Tests\P06SymmetricSequence.Tests.csproj", "{BDC7B60E-04CD-4A47-8183-9631D32D8F34}"
EndProject
Project("{9A19103F-16F7-4668-BE54-9A1E7A4F7556}") = "Common.TestData", "..\..\Common.TestData\Common.TestData.csproj", "{5D1B64AB-C8E9-4904-84CE-6594CEC157D6}"
EndProject
Global
	GlobalSection(SolutionConfigurationPlatforms) = preSolution
		Debug|Any CPU = Debug|Any CPU
		Release|Any CPU = Release|Any CPU
	EndGlobalSection
	GlobalSection(ProjectConfigurationPlatforms) = postSolution
		{2AAB3481-E88A-4F0E-A1E0-A8A9C67DAF8E}.Debug|Any CPU.ActiveCfg = Debug|Any CPU
		{2AAB3481-E88A-4F0E-A1E0-A8A9C67DAF8E}.Debug|Any CPU.Build.0 = Debug|Any CPU
		{2AAB3481-E88A-4F0E-A1E0-A8A9C67DAF8E}.Release|Any CPU.ActiveCfg = Release|Any CPU
		{2AAB3481-E88A-4F0E-A1E0-A8A9C67DAF8E}.Release|Any CPU.Build.0 = Release|Any CPU
		{BDC7B60E-04CD-4A47-8183-9631D32D8F34}.Debug|Any CPU.ActiveCfg = Debug|Any CPU
		{BDC7B60E-04CD-4A47-8183-9631D32D8F34}.Debug|Any CPU.Build.0 = Debug|Any CPU
		{BDC7B60E-04CD-4A47-8183-9631D32D8F34}.Release|Any CPU.ActiveCfg = Release|Any CPU
		{BDC7B60E-04CD-4A47-8183-9631D32D8F34}.Release|Any CPU.Build.0 = Release|Any CPU
		{5D1B64AB-C8E9-4904-84CE-6594CEC157D6}.Debug|Any CPU.ActiveCfg = Debug|Any CPU
		{5D1B64AB-C8E9-4904-84CE-6594CEC157D6}.Debug|Any CPU.Build.0 = Debug|Any CPU
		{5D1B64AB-C8E9-4904-84CE-6594CEC157D6}.Release|Any CPU.ActiveCfg = Release|Any CPU
		{5D1B64AB-C8E9-4904-84CE-6594CEC157D6}.Release|Any CPU.Build.0 = Release|Any CPU
	EndGlobalSection
	GlobalSection(SolutionProperties) = preSolution
		HideSolutionNode = FALSE
	EndGlobalSection
	GlobalSection(ExtensibilityGlobals) = postSolution
		SolutionGuid = {B0F6FE2E-901A-44DC-9B0C-48698C0942FC}
	EndGlobalSection
EndGlobal
