
Microsoft Visual Studio Solution File, Format Version 12.00
# Visual Studio Version 17
VisualStudioVersion = 17.10.34916.146
MinimumVisualStudioVersion = 10.0.40219.1
Project("{FAE04EC0-301F-11D3-BF4B-00C04F79EFBC}") = "P02ListGrowing", "P02ListGrowing\P02ListGrowing.csproj", "{B107AFEC-4EE8-4399-A0AD-64197C0D4289}"
EndProject
Global
	GlobalSection(SolutionConfigurationPlatforms) = preSolution
		Debug|Any CPU = Debug|Any CPU
		Release|Any CPU = Release|Any CPU
	EndGlobalSection
	GlobalSection(ProjectConfigurationPlatforms) = postSolution
		{B107AFEC-4EE8-4399-A0AD-64197C0D4289}.Debug|Any CPU.ActiveCfg = Debug|Any CPU
		{B107AFEC-4EE8-4399-A0AD-64197C0D4289}.Debug|Any CPU.Build.0 = Debug|Any CPU
		{B107AFEC-4EE8-4399-A0AD-64197C0D4289}.Release|Any CPU.ActiveCfg = Release|Any CPU
		{B107AFEC-4EE8-4399-A0AD-64197C0D4289}.Release|Any CPU.Build.0 = Release|Any CPU
	EndGlobalSection
	GlobalSection(SolutionProperties) = preSolution
		HideSolutionNode = FALSE
	EndGlobalSection
	GlobalSection(ExtensibilityGlobals) = postSolution
		SolutionGuid = {A24DF9B3-B9DC-492D-8150-4BF0BE5A355F}
	EndGlobalSection
EndGlobal
